
Microsoft Visual Studio Solution File, Format Version 12.00
# Visual Studio Version 16
VisualStudioVersion = 16.0.31321.278
MinimumVisualStudioVersion = 10.0.40219.1
Project("{FAE04EC0-301F-11D3-BF4B-00C04F79EFBC}") = "JETCookies", "JETCookies\JETCookies.csproj", "{B4814BD1-650C-400A-A253-6D53B13C015D}"
EndProject
Project("{E53339B2-1760-4266-BCC7-CA923CBCF16C}") = "docker-compose", "docker-compose.dcproj", "{3474D429-2602-4739-80FF-2CFAFB5818F0}"
EndProject
Global
	GlobalSection(SolutionConfigurationPlatforms) = preSolution
		Debug|Any CPU = Debug|Any CPU
		Release|Any CPU = Release|Any CPU
	EndGlobalSection
	GlobalSection(ProjectConfigurationPlatforms) = postSolution
		{B4814BD1-650C-400A-A253-6D53B13C015D}.Debug|Any CPU.ActiveCfg = Debug|Any CPU
		{B4814BD1-650C-400A-A253-6D53B13C015D}.Debug|Any CPU.Build.0 = Debug|Any CPU
		{B4814BD1-650C-400A-A253-6D53B13C015D}.Release|Any CPU.ActiveCfg = Release|Any CPU
		{B4814BD1-650C-400A-A253-6D53B13C015D}.Release|Any CPU.Build.0 = Release|Any CPU
		{3474D429-2602-4739-80FF-2CFAFB5818F0}.Debug|Any CPU.ActiveCfg = Debug|Any CPU
		{3474D429-2602-4739-80FF-2CFAFB5818F0}.Debug|Any CPU.Build.0 = Debug|Any CPU
		{3474D429-2602-4739-80FF-2CFAFB5818F0}.Release|Any CPU.ActiveCfg = Release|Any CPU
		{3474D429-2602-4739-80FF-2CFAFB5818F0}.Release|Any CPU.Build.0 = Release|Any CPU
	EndGlobalSection
	GlobalSection(SolutionProperties) = preSolution
		HideSolutionNode = FALSE
	EndGlobalSection
	GlobalSection(ExtensibilityGlobals) = postSolution
		SolutionGuid = {F05DDADE-A260-47E8-B391-FDEF92CF3D80}
	EndGlobalSection
EndGlobal
